
Microsoft Visual Studio Solution File, Format Version 12.00
# Visual Studio Version 17
VisualStudioVersion = 17.4.33122.133
MinimumVisualStudioVersion = 10.0.40219.1
Project("{9A19103F-16F7-4668-BE54-9A1E7A4F7556}") = "MasterEFCore", "MasterEFCore\MasterEFCore.csproj", "{4D1489F9-4C23-48C3-8EAC-FCB9379E787C}"
EndProject
Project("{9A19103F-16F7-4668-BE54-9A1E7A4F7556}") = "EFCore.Tips", "EFCore.Tips\EFCore.Tips.csproj", "{6B7783B3-C8AE-4161-90B5-69105968B736}"
EndProject
Project("{FAE04EC0-301F-11D3-BF4B-00C04F79EFBC}") = "EFCore.Testes", "EFCore.Testes\EFCore.Testes.csproj", "{2A8996C9-BF40-4655-8D9F-407A0B266F2C}"
EndProject
Project("{FAE04EC0-301F-11D3-BF4B-00C04F79EFBC}") = "EFCore.Diagnostics", "EFCore.Diagnostics\EFCore.Diagnostics.csproj", "{58FD9FFA-3558-4982-9F1A-3B1C51B672C4}"
EndProject
Project("{FAE04EC0-301F-11D3-BF4B-00C04F79EFBC}") = "EFCore.QuerySqlGenerator", "EFCore.QuerySqlGenerator\EFCore.QuerySqlGenerator.csproj", "{CC665A0A-5892-4B54-8936-0D33C66A7D21}"
EndProject
Global
	GlobalSection(SolutionConfigurationPlatforms) = preSolution
		Debug|Any CPU = Debug|Any CPU
		Release|Any CPU = Release|Any CPU
	EndGlobalSection
	GlobalSection(ProjectConfigurationPlatforms) = postSolution
		{4D1489F9-4C23-48C3-8EAC-FCB9379E787C}.Debug|Any CPU.ActiveCfg = Debug|Any CPU
		{4D1489F9-4C23-48C3-8EAC-FCB9379E787C}.Debug|Any CPU.Build.0 = Debug|Any CPU
		{4D1489F9-4C23-48C3-8EAC-FCB9379E787C}.Release|Any CPU.ActiveCfg = Release|Any CPU
		{4D1489F9-4C23-48C3-8EAC-FCB9379E787C}.Release|Any CPU.Build.0 = Release|Any CPU
		{6B7783B3-C8AE-4161-90B5-69105968B736}.Debug|Any CPU.ActiveCfg = Debug|Any CPU
		{6B7783B3-C8AE-4161-90B5-69105968B736}.Debug|Any CPU.Build.0 = Debug|Any CPU
		{6B7783B3-C8AE-4161-90B5-69105968B736}.Release|Any CPU.ActiveCfg = Release|Any CPU
		{6B7783B3-C8AE-4161-90B5-69105968B736}.Release|Any CPU.Build.0 = Release|Any CPU
		{2A8996C9-BF40-4655-8D9F-407A0B266F2C}.Debug|Any CPU.ActiveCfg = Debug|Any CPU
		{2A8996C9-BF40-4655-8D9F-407A0B266F2C}.Debug|Any CPU.Build.0 = Debug|Any CPU
		{2A8996C9-BF40-4655-8D9F-407A0B266F2C}.Release|Any CPU.ActiveCfg = Release|Any CPU
		{2A8996C9-BF40-4655-8D9F-407A0B266F2C}.Release|Any CPU.Build.0 = Release|Any CPU
		{58FD9FFA-3558-4982-9F1A-3B1C51B672C4}.Debug|Any CPU.ActiveCfg = Debug|Any CPU
		{58FD9FFA-3558-4982-9F1A-3B1C51B672C4}.Debug|Any CPU.Build.0 = Debug|Any CPU
		{58FD9FFA-3558-4982-9F1A-3B1C51B672C4}.Release|Any CPU.ActiveCfg = Release|Any CPU
		{58FD9FFA-3558-4982-9F1A-3B1C51B672C4}.Release|Any CPU.Build.0 = Release|Any CPU
		{CC665A0A-5892-4B54-8936-0D33C66A7D21}.Debug|Any CPU.ActiveCfg = Debug|Any CPU
		{CC665A0A-5892-4B54-8936-0D33C66A7D21}.Debug|Any CPU.Build.0 = Debug|Any CPU
		{CC665A0A-5892-4B54-8936-0D33C66A7D21}.Release|Any CPU.ActiveCfg = Release|Any CPU
		{CC665A0A-5892-4B54-8936-0D33C66A7D21}.Release|Any CPU.Build.0 = Release|Any CPU
	EndGlobalSection
	GlobalSection(SolutionProperties) = preSolution
		HideSolutionNode = FALSE
	EndGlobalSection
	GlobalSection(ExtensibilityGlobals) = postSolution
		SolutionGuid = {DB9CE0E4-E31C-43DA-ACE1-8749AC45F00B}
	EndGlobalSection
EndGlobal
